
Microsoft Visual Studio Solution File, Format Version 10.00
# Visual Studio 2008
Project("{FAE04EC0-301F-11D3-BF4B-00C04F79EFBC}") = "HermesReader.Test", "product\test\HermesReader.Test\HermesReader.Test.csproj", "{A2390925-0C10-43AF-A46D-3FDCA6A74B9B}"
EndProject
Project("{FAE04EC0-301F-11D3-BF4B-00C04F79EFBC}") = "HermesReader.Web", "product\app\HermesReader.Web\HermesReader.Web.csproj", "{92A6BBB8-810D-4056-A533-FFF415A846D1}"
EndProject
Project("{FAE04EC0-301F-11D3-BF4B-00C04F79EFBC}") = "HermesReader.Build", "build\HermesReader.Build.csproj", "{E15E4B00-CCB9-4047-BDCA-16F3CB045C0B}"
EndProject
Project("{FAE04EC0-301F-11D3-BF4B-00C04F79EFBC}") = "HermesReader.Library", "product\app\HermesReader.Library\HermesReader.Library.csproj", "{6EFED1BF-4B91-4C06-A371-3ACE9D89F1D0}"
EndProject
Global
	GlobalSection(SolutionConfigurationPlatforms) = preSolution
		Debug|Any CPU = Debug|Any CPU
		Release|Any CPU = Release|Any CPU
	EndGlobalSection
	GlobalSection(ProjectConfigurationPlatforms) = postSolution
		{A2390925-0C10-43AF-A46D-3FDCA6A74B9B}.Debug|Any CPU.ActiveCfg = Debug|Any CPU
		{A2390925-0C10-43AF-A46D-3FDCA6A74B9B}.Debug|Any CPU.Build.0 = Debug|Any CPU
		{A2390925-0C10-43AF-A46D-3FDCA6A74B9B}.Release|Any CPU.ActiveCfg = Release|Any CPU
		{A2390925-0C10-43AF-A46D-3FDCA6A74B9B}.Release|Any CPU.Build.0 = Release|Any CPU
		{92A6BBB8-810D-4056-A533-FFF415A846D1}.Debug|Any CPU.ActiveCfg = Debug|Any CPU
		{92A6BBB8-810D-4056-A533-FFF415A846D1}.Debug|Any CPU.Build.0 = Debug|Any CPU
		{92A6BBB8-810D-4056-A533-FFF415A846D1}.Release|Any CPU.ActiveCfg = Release|Any CPU
		{92A6BBB8-810D-4056-A533-FFF415A846D1}.Release|Any CPU.Build.0 = Release|Any CPU
		{E15E4B00-CCB9-4047-BDCA-16F3CB045C0B}.Debug|Any CPU.ActiveCfg = Debug|Any CPU
		{E15E4B00-CCB9-4047-BDCA-16F3CB045C0B}.Debug|Any CPU.Build.0 = Debug|Any CPU
		{E15E4B00-CCB9-4047-BDCA-16F3CB045C0B}.Release|Any CPU.ActiveCfg = Release|Any CPU
		{E15E4B00-CCB9-4047-BDCA-16F3CB045C0B}.Release|Any CPU.Build.0 = Release|Any CPU
		{6EFED1BF-4B91-4C06-A371-3ACE9D89F1D0}.Debug|Any CPU.ActiveCfg = Debug|Any CPU
		{6EFED1BF-4B91-4C06-A371-3ACE9D89F1D0}.Debug|Any CPU.Build.0 = Debug|Any CPU
		{6EFED1BF-4B91-4C06-A371-3ACE9D89F1D0}.Release|Any CPU.ActiveCfg = Release|Any CPU
		{6EFED1BF-4B91-4C06-A371-3ACE9D89F1D0}.Release|Any CPU.Build.0 = Release|Any CPU
	EndGlobalSection
	GlobalSection(SolutionProperties) = preSolution
		HideSolutionNode = FALSE
	EndGlobalSection
EndGlobal
